{
    "version": 3,
    "terraform_version": "0.11.11",
    "serial": 4,
    "lineage": "216997c6-c5a5-d44e-6938-be8b3318b14b",
    "modules": [
        {
            "path": [
                "root"
            ],
            "outputs": {
                " ContainerName": {
                    "sensitive": false,
                    "type": "string",
                    "value": "blog"
                },
                "IP Address": {
                    "sensitive": false,
                    "type": "string",
                    "value": "172.17.0.2"
                }
            },
            "resources": {
                "docker_container.container_id": {
                    "type": "docker_container",
                    "depends_on": [
                        "docker_image.id"
                    ],
                    "primary": {
                        "id": "a9cd7bfd40dd4d88ff4bb74ec7d4778318202d322dbea4a822cfa42443aef181",
                        "attributes": {
                            "attach": "false",
                            "bridge": "",
                            "gateway": "172.17.0.1",
                            "id": "a9cd7bfd40dd4d88ff4bb74ec7d4778318202d322dbea4a822cfa42443aef181",
                            "image": "sha256:5d7fb07a94673adc95475436b8290253ead791479aab19e9efccd729a41b979a",
                            "ip_address": "172.17.0.2",
                            "ip_prefix_length": "16",
                            "log_driver": "json-file",
                            "logs": "false",
                            "must_run": "true",
                            "name": "blog",
                            "network_data.#": "1",
                            "network_data.0.gateway": "172.17.0.1",
                            "network_data.0.ip_address": "172.17.0.2",
                            "network_data.0.ip_prefix_length": "16",
                            "network_data.0.network_name": "bridge",
                            "ports.#": "1",
                            "ports.0.external": "80",
                            "ports.0.internal": "2368",
                            "ports.0.ip": "0.0.0.0",
                            "ports.0.protocol": "tcp",
                            "restart": "no",
                            "rm": "false",
                            "start": "true"
                        },
                        "meta": {},
                        "tainted": false
                    },
                    "deposed": [],
                    "provider": "provider.docker"
                },
                "docker_image.id": {
                    "type": "docker_image",
                    "depends_on": [],
                    "primary": {
                        "id": "sha256:5d7fb07a94673adc95475436b8290253ead791479aab19e9efccd729a41b979aghost:latest",
                        "attributes": {
                            "id": "sha256:5d7fb07a94673adc95475436b8290253ead791479aab19e9efccd729a41b979aghost:latest",
                            "latest": "sha256:5d7fb07a94673adc95475436b8290253ead791479aab19e9efccd729a41b979a",
                            "name": "ghost:latest"
                        },
                        "meta": {},
                        "tainted": false
                    },
                    "deposed": [],
                    "provider": "provider.docker"
                }
            },
            "depends_on": []
        }
    ]
}
